Microsoft Visual Studio Solution File, Format Version 12.00
# Visual Studio Version 17
VisualStudioVersion = 17.6.33815.320
MinimumVisualStudioVersion = 10.0.40219.1
Project("{2150E333-8FDC-42A3-9474-1A3956D46DE8}") = "Klemmgine", "Klemmgine", "{C7EE7711-2C45-4969-BE29-0127B05E2AAA}"
	ProjectSection(SolutionItems) = preProject
		.gitignore = .gitignore
		LICENSE = LICENSE
		README.md = README.md
		setup.ps1 = setup.ps1
	EndProjectSection
EndProject
Project("{8BC9CEB8-8B4A-11D0-8D11-00A0C91BC942}") = "Engine", "EngineSource\Engine.vcxproj", "{87F55D1D-99B2-4042-ADD5-AAAE85B9A61B}"
	ProjectSection(ProjectDependencies) = postProject
		{8F068CEA-34ED-41B3-9FFE-0B32D8155D5A} = {8F068CEA-34ED-41B3-9FFE-0B32D8155D5A}
		{E8120D43-2F56-409E-9718-8756DA2FD52E} = {E8120D43-2F56-409E-9718-8756DA2FD52E}
	EndProjectSection
EndProject
Project("{2150E333-8FDC-42A3-9474-1A3956D46DE8}") = "Tools", "Tools", "{FC626D22-1D96-4729-AAFE-347F4C3E09D0}"
EndProject
Project("{8BC9CEB8-8B4A-11D0-8D11-00A0C91BC942}") = "BuildTool", "Tools\BuildTool\BuildTool.vcxproj", "{8F068CEA-34ED-41B3-9FFE-0B32D8155D5A}"
EndProject
Project("{8BC9CEB8-8B4A-11D0-8D11-00A0C91BC942}") = "ProjectGenerator", "Tools\ProjectGenerator\ProjectGenerator.vcxproj", "{E8120D43-2F56-409E-9718-8756DA2FD52E}"
EndProject
Project("{9A19103F-16F7-4668-BE54-9A1E7A4F7556}") = "CSharpCore", "CSharp\Core\CSharpCore.csproj", "{D486AE73-072B-43EB-A5EA-F579C7E7724A}"
EndProject
Project("{9A19103F-16F7-4668-BE54-9A1E7A4F7556}") = "KlemmgineCSharp", "CSharp\Engine\KlemmgineCSharp.csproj", "{693AFC98-D2C6-4035-A5F5-B9E1053469DE}"
EndProject
Global
	GlobalSection(SolutionConfigurationPlatforms) = preSolution
		Debug|Any CPU = Debug|Any CPU
		Debug|x64 = Debug|x64
		Editor|Any CPU = Editor|Any CPU
		Editor|x64 = Editor|x64
		Release|Any CPU = Release|Any CPU
		Release|x64 = Release|x64
		Server|Any CPU = Server|Any CPU
		Server|x64 = Server|x64
	EndGlobalSection
	GlobalSection(ProjectConfigurationPlatforms) = postSolution
		{87F55D1D-99B2-4042-ADD5-AAAE85B9A61B}.Debug|Any CPU.ActiveCfg = Debug|x64
		{87F55D1D-99B2-4042-ADD5-AAAE85B9A61B}.Debug|Any CPU.Build.0 = Debug|x64
		{87F55D1D-99B2-4042-ADD5-AAAE85B9A61B}.Debug|x64.ActiveCfg = Debug|x64
		{87F55D1D-99B2-4042-ADD5-AAAE85B9A61B}.Debug|x64.Build.0 = Debug|x64
		{87F55D1D-99B2-4042-ADD5-AAAE85B9A61B}.Editor|Any CPU.ActiveCfg = Editor|x64
		{87F55D1D-99B2-4042-ADD5-AAAE85B9A61B}.Editor|Any CPU.Build.0 = Editor|x64
		{87F55D1D-99B2-4042-ADD5-AAAE85B9A61B}.Editor|x64.ActiveCfg = Editor|x64
		{87F55D1D-99B2-4042-ADD5-AAAE85B9A61B}.Editor|x64.Build.0 = Editor|x64
		{87F55D1D-99B2-4042-ADD5-AAAE85B9A61B}.Release|Any CPU.ActiveCfg = Release|x64
		{87F55D1D-99B2-4042-ADD5-AAAE85B9A61B}.Release|Any CPU.Build.0 = Release|x64
		{87F55D1D-99B2-4042-ADD5-AAAE85B9A61B}.Release|x64.ActiveCfg = Release|x64
		{87F55D1D-99B2-4042-ADD5-AAAE85B9A61B}.Release|x64.Build.0 = Release|x64
		{87F55D1D-99B2-4042-ADD5-AAAE85B9A61B}.Server|Any CPU.ActiveCfg = Server|x64
		{87F55D1D-99B2-4042-ADD5-AAAE85B9A61B}.Server|Any CPU.Build.0 = Server|x64
		{87F55D1D-99B2-4042-ADD5-AAAE85B9A61B}.Server|x64.ActiveCfg = Server|x64
		{87F55D1D-99B2-4042-ADD5-AAAE85B9A61B}.Server|x64.Build.0 = Server|x64
		{8F068CEA-34ED-41B3-9FFE-0B32D8155D5A}.Debug|Any CPU.ActiveCfg = Debug|x64
		{8F068CEA-34ED-41B3-9FFE-0B32D8155D5A}.Debug|Any CPU.Build.0 = Debug|x64
		{8F068CEA-34ED-41B3-9FFE-0B32D8155D5A}.Debug|x64.ActiveCfg = Debug|x64
		{8F068CEA-34ED-41B3-9FFE-0B32D8155D5A}.Debug|x64.Build.0 = Debug|x64
		{8F068CEA-34ED-41B3-9FFE-0B32D8155D5A}.Editor|Any CPU.ActiveCfg = Editor|x64
		{8F068CEA-34ED-41B3-9FFE-0B32D8155D5A}.Editor|Any CPU.Build.0 = Editor|x64
		{8F068CEA-34ED-41B3-9FFE-0B32D8155D5A}.Editor|x64.ActiveCfg = Editor|x64
		{8F068CEA-34ED-41B3-9FFE-0B32D8155D5A}.Editor|x64.Build.0 = Editor|x64
		{8F068CEA-34ED-41B3-9FFE-0B32D8155D5A}.Release|Any CPU.ActiveCfg = Release|x64
		{8F068CEA-34ED-41B3-9FFE-0B32D8155D5A}.Release|Any CPU.Build.0 = Release|x64
		{8F068CEA-34ED-41B3-9FFE-0B32D8155D5A}.Release|x64.ActiveCfg = Release|x64
		{8F068CEA-34ED-41B3-9FFE-0B32D8155D5A}.Release|x64.Build.0 = Release|x64
		{8F068CEA-34ED-41B3-9FFE-0B32D8155D5A}.Server|Any CPU.ActiveCfg = Release|x64
		{8F068CEA-34ED-41B3-9FFE-0B32D8155D5A}.Server|Any CPU.Build.0 = Release|x64
		{8F068CEA-34ED-41B3-9FFE-0B32D8155D5A}.Server|x64.ActiveCfg = Release|x64
		{8F068CEA-34ED-41B3-9FFE-0B32D8155D5A}.Server|x64.Build.0 = Release|x64
		{E8120D43-2F56-409E-9718-8756DA2FD52E}.Debug|Any CPU.ActiveCfg = Editor|x64
		{E8120D43-2F56-409E-9718-8756DA2FD52E}.Debug|Any CPU.Build.0 = Editor|x64
		{E8120D43-2F56-409E-9718-8756DA2FD52E}.Debug|x64.ActiveCfg = Release|x64
		{E8120D43-2F56-409E-9718-8756DA2FD52E}.Debug|x64.Build.0 = Release|x64
		{E8120D43-2F56-409E-9718-8756DA2FD52E}.Editor|Any CPU.ActiveCfg = Editor|x64
		{E8120D43-2F56-409E-9718-8756DA2FD52E}.Editor|Any CPU.Build.0 = Editor|x64
		{E8120D43-2F56-409E-9718-8756DA2FD52E}.Editor|x64.ActiveCfg = Editor|x64
		{E8120D43-2F56-409E-9718-8756DA2FD52E}.Editor|x64.Build.0 = Editor|x64
		{E8120D43-2F56-409E-9718-8756DA2FD52E}.Release|Any CPU.ActiveCfg = Release|x64
		{E8120D43-2F56-409E-9718-8756DA2FD52E}.Release|Any CPU.Build.0 = Release|x64
		{E8120D43-2F56-409E-9718-8756DA2FD52E}.Release|x64.ActiveCfg = Release|x64
		{E8120D43-2F56-409E-9718-8756DA2FD52E}.Release|x64.Build.0 = Release|x64
		{E8120D43-2F56-409E-9718-8756DA2FD52E}.Server|Any CPU.ActiveCfg = Editor|x64
		{E8120D43-2F56-409E-9718-8756DA2FD52E}.Server|Any CPU.Build.0 = Editor|x64
		{E8120D43-2F56-409E-9718-8756DA2FD52E}.Server|x64.ActiveCfg = Release|x64
		{E8120D43-2F56-409E-9718-8756DA2FD52E}.Server|x64.Build.0 = Release|x64
		{D486AE73-072B-43EB-A5EA-F579C7E7724A}.Debug|Any CPU.ActiveCfg = Debug|Any CPU
		{D486AE73-072B-43EB-A5EA-F579C7E7724A}.Debug|Any CPU.Build.0 = Debug|Any CPU
		{D486AE73-072B-43EB-A5EA-F579C7E7724A}.Debug|x64.ActiveCfg = Debug|Any CPU
		{D486AE73-072B-43EB-A5EA-F579C7E7724A}.Debug|x64.Build.0 = Debug|Any CPU
		{D486AE73-072B-43EB-A5EA-F579C7E7724A}.Editor|Any CPU.ActiveCfg = Debug|Any CPU
		{D486AE73-072B-43EB-A5EA-F579C7E7724A}.Editor|Any CPU.Build.0 = Debug|Any CPU
		{D486AE73-072B-43EB-A5EA-F579C7E7724A}.Editor|x64.ActiveCfg = Debug|Any CPU
		{D486AE73-072B-43EB-A5EA-F579C7E7724A}.Editor|x64.Build.0 = Debug|Any CPU
		{D486AE73-072B-43EB-A5EA-F579C7E7724A}.Release|Any CPU.ActiveCfg = Release|Any CPU
		{D486AE73-072B-43EB-A5EA-F579C7E7724A}.Release|Any CPU.Build.0 = Release|Any CPU
		{D486AE73-072B-43EB-A5EA-F579C7E7724A}.Release|x64.ActiveCfg = Release|Any CPU
		{D486AE73-072B-43EB-A5EA-F579C7E7724A}.Release|x64.Build.0 = Release|Any CPU
		{D486AE73-072B-43EB-A5EA-F579C7E7724A}.Server|Any CPU.ActiveCfg = Debug|Any CPU
		{D486AE73-072B-43EB-A5EA-F579C7E7724A}.Server|Any CPU.Build.0 = Debug|Any CPU
		{D486AE73-072B-43EB-A5EA-F579C7E7724A}.Server|x64.ActiveCfg = Debug|Any CPU
		{D486AE73-072B-43EB-A5EA-F579C7E7724A}.Server|x64.Build.0 = Debug|Any CPU
		{693AFC98-D2C6-4035-A5F5-B9E1053469DE}.Debug|Any CPU.ActiveCfg = Debug|Any CPU
		{693AFC98-D2C6-4035-A5F5-B9E1053469DE}.Debug|Any CPU.Build.0 = Debug|Any CPU
		{693AFC98-D2C6-4035-A5F5-B9E1053469DE}.Debug|x64.ActiveCfg = Debug|Any CPU
		{693AFC98-D2C6-4035-A5F5-B9E1053469DE}.Debug|x64.Build.0 = Debug|Any CPU
		{693AFC98-D2C6-4035-A5F5-B9E1053469DE}.Editor|Any CPU.ActiveCfg = Debug|Any CPU
		{693AFC98-D2C6-4035-A5F5-B9E1053469DE}.Editor|Any CPU.Build.0 = Debug|Any CPU
		{693AFC98-D2C6-4035-A5F5-B9E1053469DE}.Editor|x64.ActiveCfg = Debug|Any CPU
		{693AFC98-D2C6-4035-A5F5-B9E1053469DE}.Editor|x64.Build.0 = Debug|Any CPU
		{693AFC98-D2C6-4035-A5F5-B9E1053469DE}.Release|Any CPU.ActiveCfg = Release|Any CPU
		{693AFC98-D2C6-4035-A5F5-B9E1053469DE}.Release|Any CPU.Build.0 = Release|Any CPU
		{693AFC98-D2C6-4035-A5F5-B9E1053469DE}.Release|x64.ActiveCfg = Release|Any CPU
		{693AFC98-D2C6-4035-A5F5-B9E1053469DE}.Release|x64.Build.0 = Release|Any CPU
		{693AFC98-D2C6-4035-A5F5-B9E1053469DE}.Server|Any CPU.ActiveCfg = Debug|Any CPU
		{693AFC98-D2C6-4035-A5F5-B9E1053469DE}.Server|Any CPU.Build.0 = Debug|Any CPU
		{693AFC98-D2C6-4035-A5F5-B9E1053469DE}.Server|x64.ActiveCfg = Debug|Any CPU
		{693AFC98-D2C6-4035-A5F5-B9E1053469DE}.Server|x64.Build.0 = Debug|Any CPU
	EndGlobalSection
	GlobalSection(SolutionProperties) = preSolution
		HideSolutionNode = FALSE
	EndGlobalSection
	GlobalSection(NestedProjects) = preSolution
		{87F55D1D-99B2-4042-ADD5-AAAE85B9A61B} = {C7EE7711-2C45-4969-BE29-0127B05E2AAA}
		{FC626D22-1D96-4729-AAFE-347F4C3E09D0} = {C7EE7711-2C45-4969-BE29-0127B05E2AAA}
		{8F068CEA-34ED-41B3-9FFE-0B32D8155D5A} = {FC626D22-1D96-4729-AAFE-347F4C3E09D0}
		{E8120D43-2F56-409E-9718-8756DA2FD52E} = {FC626D22-1D96-4729-AAFE-347F4C3E09D0}
		{D486AE73-072B-43EB-A5EA-F579C7E7724A} = {C7EE7711-2C45-4969-BE29-0127B05E2AAA}
		{693AFC98-D2C6-4035-A5F5-B9E1053469DE} = {C7EE7711-2C45-4969-BE29-0127B05E2AAA}
	EndGlobalSection
	GlobalSection(ExtensibilityGlobals) = postSolution
		SolutionGuid = {B642F1FC-C54F-4155-AF09-C9A103CC0F90}
	EndGlobalSection
EndGlobal
